{
  "name": "rlsbl",
  "version": "0.117.1",
  "lockfileVersion": 3,
  "requires": true,
  "packages": {
    "": {
      "name": "rlsbl",
      "version": "0.117.1",
      "license": "MIT",
      "bin": {
        "rlsbl": "bin/cli.js"
      },
      "engines": {
        "node": ">=18"
      }
    }
  }
}
